// !$*UTF8*$!
{
	archiveVersion = 1;
	classes = {
	};
	objectVersion = 50;
	objects = {

/* Begin PBXBuildFile section */
		D1EEBB3324368A4B00C24585 /* AppDelegate.swift in Sources */ = {isa = PBXBuildFile; fileRef = D1EEBB3224368A4B00C24585 /* AppDelegate.swift */; };
		D1EEBB3524368A4B00C24585 /* ViewController.swift in Sources */ = {isa = PBXBuildFile; fileRef = D1EEBB3424368A4B00C24585 /* ViewController.swift */; };
		D1EEBB3724368A4C00C24585 /* Assets.xcassets in Resources */ = {isa = PBXBuildFile; fileRef = D1EEBB3624368A4C00C24585 /* Assets.xcassets */; };
		D1EEBB3A24368A4C00C24585 /* Main.storyboard in Resources */ = {isa = PBXBuildFile; fileRef = D1EEBB3824368A4C00C24585 /* Main.storyboard */; };
		D1EEBB43243694BE00C24585 /* DestinationView.swift in Sources */ = {isa = PBXBuildFile; fileRef = D1EEBB42243694BE00C24585 /* DestinationView.swift */; };
/* End PBXBuildFile section */

/* Begin PBXFileReference section */
		D1EEBB2F24368A4B00C24585 /* MovToGifConverter.app */ = {isa = PBXFileReference; explicitFileType = wrapper.application; includeInIndex = 0; path = MovToGifConverter.app; sourceTree = BUILT_PRODUCTS_DIR; };
		D1EEBB3224368A4B00C24585 /* AppDelegate.swift */ = {isa = PBXFileReference; lastKnownFileType = sourcecode.swift; path = AppDelegate.swift; sourceTree = "<group>"; };
		D1EEBB3424368A4B00C24585 /* ViewController.swift */ = {isa = PBXFileReference; lastKnownFileType = sourcecode.swift; path = ViewController.swift; sourceTree = "<group>"; };
		D1EEBB3624368A4C00C24585 /* Assets.xcassets */ = {isa = PBXFileReference; lastKnownFileType = folder.assetcatalog; path = Assets.xcassets; sourceTree = "<group>"; };
		D1EEBB3924368A4C00C24585 /* Base */ = {isa = PBXFileReference; lastKnownFileType = file.storyboard; name = Base; path = Base.lproj/Main.storyboard; sourceTree = "<group>"; };
		D1EEBB3B24368A4C00C24585 /* Info.plist */ = {isa = PBXFileReference; lastKnownFileType = text.plist.xml; path = Info.plist; sourceTree = "<group>"; };
		D1EEBB3C24368A4C00C24585 /* MovToGifConverter.entitlements */ = {isa = PBXFileReference; lastKnownFileType = text.plist.entitlements; path = MovToGifConverter.entitlements; sourceTree = "<group>"; };
		D1EEBB42243694BE00C24585 /* DestinationView.swift */ = {isa = PBXFileReference; lastKnownFileType = sourcecode.swift; path = DestinationView.swift; sourceTree = "<group>"; };
/* End PBXFileReference section */

/* Begin PBXFrameworksBuildPhase section */
		D1EEBB2C24368A4B00C24585 /* Frameworks */ = {
			isa = PBXFrameworksBuildPhase;
			buildActionMask = 2147483647;
			files = (
			);
			runOnlyForDeploymentPostprocessing = 0;
		};
/* End PBXFrameworksBuildPhase section */

/* Begin PBXGroup section */
		D1EEBB2624368A4B00C24585 = {
			isa = PBXGroup;
			children = (
				D1EEBB3124368A4B00C24585 /* MovToGifConverter */,
				D1EEBB3024368A4B00C24585 /* Products */,
			);
			sourceTree = "<group>";
		};
		D1EEBB3024368A4B00C24585 /* Products */ = {
			isa = PBXGroup;
			children = (
				D1EEBB2F24368A4B00C24585 /* MovToGifConverter.app */,
			);
			name = Products;
			sourceTree = "<group>";
		};
		D1EEBB3124368A4B00C24585 /* MovToGifConverter */ = {
			isa = PBXGroup;
			children = (
				D1EEBB3224368A4B00C24585 /* AppDelegate.swift */,
				D1EEBB3424368A4B00C24585 /* ViewController.swift */,
				D1EEBB3624368A4C00C24585 /* Assets.xcassets */,
				D1EEBB3824368A4C00C24585 /* Main.storyboard */,
				D1EEBB3B24368A4C00C24585 /* Info.plist */,
				D1EEBB3C24368A4C00C24585 /* MovToGifConverter.entitlements */,
				D1EEBB42243694BE00C24585 /* DestinationView.swift */,
			);
			path = MovToGifConverter;
			sourceTree = "<group>";
		};
/* End PBXGroup section */

/* Begin PBXNativeTarget section */
		D1EEBB2E24368A4B00C24585 /* MovToGifConverter */ = {
			isa = PBXNativeTarget;
			buildConfigurationList = D1EEBB3F24368A4C00C24585 /* Build configuration list for PBXNativeTarget "MovToGifConverter" */;
			buildPhases = (
				D1EEBB2B24368A4B00C24585 /* Sources */,
				D1EEBB2C24368A4B00C24585 /* Frameworks */,
				D1EEBB2D24368A4B00C24585 /* Resources */,
			);
			buildRules = (
			);
			dependencies = (
			);
			name = MovToGifConverter;
			packageProductDependencies = (
			);
			productName = MovToGifConverter;
			productReference = D1EEBB2F24368A4B00C24585 /* MovToGifConverter.app */;
			productType = "com.apple.product-type.application";
		};
/* End PBXNativeTarget section */

/* Begin PBXProject section */
		D1EEBB2724368A4B00C24585 /* Project object */ = {
			isa = PBXProject;
			attributes = {
				LastSwiftUpdateCheck = 1140;
				LastUpgradeCheck = 1140;
				ORGANIZATIONNAME = imurashov;
				TargetAttributes = {
					D1EEBB2E24368A4B00C24585 = {
						CreatedOnToolsVersion = 11.4;
					};
				};
			};
			buildConfigurationList = D1EEBB2A24368A4B00C24585 /* Build configuration list for PBXProject "MovToGifConverter" */;
			compatibilityVersion = "Xcode 9.3";
			developmentRegion = en;
			hasScannedForEncodings = 0;
			knownRegions = (
				en,
				Base,
			);
			mainGroup = D1EEBB2624368A4B00C24585;
			packageReferences = (
			);
			productRefGroup = D1EEBB3024368A4B00C24585 /* Products */;
			projectDirPath = "";
			projectRoot = "";
			targets = (
				D1EEBB2E24368A4B00C24585 /* MovToGifConverter */,
			);
		};
/* End PBXProject section */

/* Begin PBXResourcesBuildPhase section */
		D1EEBB2D24368A4B00C24585 /* Resources */ = {
			isa = PBXResourcesBuildPhase;
			buildActionMask = 2147483647;
			files = (
				D1EEBB3724368A4C00C24585 /* Assets.xcassets in Resources */,
				D1EEBB3A24368A4C00C24585 /* Main.storyboard in Resources */,
			);
			runOnlyForDeploymentPostprocessing = 0;
		};
/* End PBXResourcesBuildPhase section */

/* Begin PBXSourcesBuildPhase section */
		D1EEBB2B24368A4B00C24585 /* Sources */ = {
			isa = PBXSourcesBuildPhase;
			buildActionMask = 2147483647;
			files = (
				D1EEBB43243694BE00C24585 /* DestinationView.swift in Sources */,
				D1EEBB3524368A4B00C24585 /* ViewController.swift in Sources */,
				D1EEBB3324368A4B00C24585 /* AppDelegate.swift in Sources */,
			);
			runOnlyForDeploymentPostprocessing = 0;
		};
/* End PBXSourcesBuildPhase section */

/* Begin PBXVariantGroup section */
		D1EEBB3824368A4C00C24585 /* Main.storyboard */ = {
			isa = PBXVariantGroup;
			children = (
				D1EEBB3924368A4C00C24585 /* Base */,
			);
			name = Main.storyboard;
			sourceTree = "<group>";
		};
/* End PBXVariantGroup section */

/* Begin XCBuildConfiguration section */
		D1EEBB3D24368A4C00C24585 /* Debug */ = {
			isa = XCBuildConfiguration;
			buildSettings = {
				ALWAYS_SEARCH_USER_PATHS = NO;
				CLANG_ANALYZER_NONNULL = YES;
				CLANG_ANALYZER_NUMBER_OBJECT_CONVERSION = YES_AGGRESSIVE;
				CLANG_CXX_LANGUAGE_STANDARD = "gnu++14";
				CLANG_CXX_LIBRARY = "libc++";
				CLANG_ENABLE_MODULES = YES;
				CLANG_ENABLE_OBJC_ARC = YES;
				CLANG_ENABLE_OBJC_WEAK = YES;
				CLANG_WARN_BLOCK_CAPTURE_AUTORELEASING = YES;
				CLANG_WARN_BOOL_CONVERSION = YES;
				CLANG_WARN_COMMA = YES;
				CLANG_WARN_CONSTANT_CONVERSION = YES;
				CLANG_WARN_DEPRECATED_OBJC_IMPLEMENTATIONS = YES;
				CLANG_WARN_DIRECT_OBJC_ISA_USAGE = YES_ERROR;
				CLANG_WARN_DOCUMENTATION_COMMENTS = YES;
				CLANG_WARN_EMPTY_BODY = YES;
				CLANG_WARN_ENUM_CONVERSION = YES;
				CLANG_WARN_INFINITE_RECURSION = YES;
				CLANG_WARN_INT_CONVERSION = YES;
				CLANG_WARN_NON_LITERAL_NULL_CONVERSION = YES;
				CLANG_WARN_OBJC_IMPLICIT_RETAIN_SELF = YES;
				CLANG_WARN_OBJC_LITERAL_CONVERSION = YES;
				CLANG_WARN_OBJC_ROOT_CLASS = YES_ERROR;
				CLANG_WARN_RANGE_LOOP_ANALYSIS = YES;
				CLANG_WARN_STRICT_PROTOTYPES = YES;
				CLANG_WARN_SUSPICIOUS_MOVE = YES;
				CLANG_WARN_UNGUARDED_AVAILABILITY = YES_AGGRESSIVE;
				CLANG_WARN_UNREACHABLE_CODE = YES;
				CLANG_WARN__DUPLICATE_METHOD_MATCH = YES;
				COPY_PHASE_STRIP = NO;
				DEBUG_INFORMATION_FORMAT = dwarf;
				ENABLE_STRICT_OBJC_MSGSEND = YES;
				ENABLE_TESTABILITY = YES;
				GCC_C_LANGUAGE_STANDARD = gnu11;
				GCC_DYNAMIC_NO_PIC = NO;
				GCC_NO_COMMON_BLOCKS = YES;
				GCC_OPTIMIZATION_LEVEL = 0;
				GCC_PREPROCESSOR_DEFINITIONS = (
					"DEBUG=1",
					"$(inherited)",
				);
				GCC_WARN_64_TO_32_BIT_CONVERSION = YES;
				GCC_WARN_ABOUT_RETURN_TYPE = YES_ERROR;
				GCC_WARN_UNDECLARED_SELECTOR = YES;
				GCC_WARN_UNINITIALIZED_AUTOS = YES_AGGRESSIVE;
				GCC_WARN_UNUSED_FUNCTION = YES;
				GCC_WARN_UNUSED_VARIABLE = YES;
				MACOSX_DEPLOYMENT_TARGET = 10.15;
				MTL_ENABLE_DEBUG_INFO = INCLUDE_SOURCE;
				MTL_FAST_MATH = YES;
				ONLY_ACTIVE_ARCH = YES;
				SDKROOT = macosx;
				SWIFT_ACTIVE_COMPILATION_CONDITIONS = DEBUG;
				SWIFT_OPTIMIZATION_LEVEL = "-Onone";
			};
			name = Debug;
		};
		D1EEBB3E24368A4C00C24585 /* Release */ = {
			isa = XCBuildConfiguration;
			buildSettings = {
				ALWAYS_SEARCH_USER_PATHS = NO;
				CLANG_ANALYZER_NONNULL = YES;
				CLANG_ANALYZER_NUMBER_OBJECT_CONVERSION = YES_AGGRESSIVE;
				CLANG_CXX_LANGUAGE_STANDARD = "gnu++14";
				CLANG_CXX_LIBRARY = "libc++";
				CLANG_ENABLE_MODULES = YES;
				CLANG_ENABLE_OBJC_ARC = YES;
				CLANG_ENABLE_OBJC_WEAK = YES;
				CLANG_WARN_BLOCK_CAPTURE_AUTORELEASING = YES;
				CLANG_WARN_BOOL_CONVERSION = YES;
				CLANG_WARN_COMMA = YES;
				CLANG_WARN_CONSTANT_CONVERSION = YES;
				CLANG_WARN_DEPRECATED_OBJC_IMPLEMENTATIONS = YES;
				CLANG_WARN_DIRECT_OBJC_ISA_USAGE = YES_ERROR;
				CLANG_WARN_DOCUMENTATION_COMMENTS = YES;
				CLANG_WARN_EMPTY_BODY = YES;
				CLANG_WARN_ENUM_CONVERSION = YES;
				CLANG_WARN_INFINITE_RECURSION = YES;
				CLANG_WARN_INT_CONVERSION = YES;
				CLANG_WARN_NON_LITERAL_NULL_CONVERSION = YES;
				CLANG_WARN_OBJC_IMPLICIT_RETAIN_SELF = YES;
				CLANG_WARN_OBJC_LITERAL_CONVERSION = YES;
				CLANG_WARN_OBJC_ROOT_CLASS = YES_ERROR;
				CLANG_WARN_RANGE_LOOP_ANALYSIS = YES;
				CLANG_WARN_STRICT_PROTOTYPES = YES;
				CLANG_WARN_SUSPICIOUS_MOVE = YES;
				CLANG_WARN_UNGUARDED_AVAILABILITY = YES_AGGRESSIVE;
				CLANG_WARN_UNREACHABLE_CODE = YES;
				CLANG_WARN__DUPLICATE_METHOD_MATCH = YES;
				COPY_PHASE_STRIP = NO;
				DEBUG_INFORMATION_FORMAT = "dwarf-with-dsym";
				ENABLE_NS_ASSERTIONS = NO;
				ENABLE_STRICT_OBJC_MSGSEND = YES;
				GCC_C_LANGUAGE_STANDARD = gnu11;
				GCC_NO_COMMON_BLOCKS = YES;
				GCC_WARN_64_TO_32_BIT_CONVERSION = YES;
				GCC_WARN_ABOUT_RETURN_TYPE = YES_ERROR;
				GCC_WARN_UNDECLARED_SELECTOR = YES;
				GCC_WARN_UNINITIALIZED_AUTOS = YES_AGGRESSIVE;
				GCC_WARN_UNUSED_FUNCTION = YES;
				GCC_WARN_UNUSED_VARIABLE = YES;
				MACOSX_DEPLOYMENT_TARGET = 10.15;
				MTL_ENABLE_DEBUG_INFO = NO;
				MTL_FAST_MATH = YES;
				SDKROOT = macosx;
				SWIFT_COMPILATION_MODE = wholemodule;
				SWIFT_OPTIMIZATION_LEVEL = "-O";
			};
			name = Release;
		};
		D1EEBB4024368A4C00C24585 /* Debug */ = {
			isa = XCBuildConfiguration;
			buildSettings = {
				ASSETCATALOG_COMPILER_APPICON_NAME = AppIcon;
				CODE_SIGN_ENTITLEMENTS = MovToGifConverter/MovToGifConverter.entitlements;
				CODE_SIGN_STYLE = Automatic;
				COMBINE_HIDPI_IMAGES = YES;
				DEVELOPMENT_TEAM = SU33AJBF5T;
				ENABLE_HARDENED_RUNTIME = YES;
				INFOPLIST_FILE = MovToGifConverter/Info.plist;
				LD_RUNPATH_SEARCH_PATHS = (
					"$(inherited)",
					"@executable_path/../Frameworks",
				);
				PRODUCT_BUNDLE_IDENTIFIER = imurashov.MovToGifConverter;
				PRODUCT_NAME = "$(TARGET_NAME)";
				SWIFT_VERSION = 5.0;
			};
			name = Debug;
		};
		D1EEBB4124368A4C00C24585 /* Release */ = {
			isa = XCBuildConfiguration;
			buildSettings = {
				ASSETCATALOG_COMPILER_APPICON_NAME = AppIcon;
				CODE_SIGN_ENTITLEMENTS = MovToGifConverter/MovToGifConverter.entitlements;
				CODE_SIGN_STYLE = Automatic;
				COMBINE_HIDPI_IMAGES = YES;
				DEVELOPMENT_TEAM = SU33AJBF5T;
				ENABLE_HARDENED_RUNTIME = YES;
				INFOPLIST_FILE = MovToGifConverter/Info.plist;
				LD_RUNPATH_SEARCH_PATHS = (
					"$(inherited)",
					"@executable_path/../Frameworks",
				);
				PRODUCT_BUNDLE_IDENTIFIER = imurashov.MovToGifConverter;
				PRODUCT_NAME = "$(TARGET_NAME)";
				SWIFT_VERSION = 5.0;
			};
			name = Release;
		};
/* End XCBuildConfiguration section */

/* Begin XCConfigurationList section */
		D1EEBB2A24368A4B00C24585 /* Build configuration list for PBXProject "MovToGifConverter" */ = {
			isa = XCConfigurationList;
			buildConfigurations = (
				D1EEBB3D24368A4C00C24585 /* Debug */,
				D1EEBB3E24368A4C00C24585 /* Release */,
			);
			defaultConfigurationIsVisible = 0;
			defaultConfigurationName = Release;
		};
		D1EEBB3F24368A4C00C24585 /* Build configuration list for PBXNativeTarget "MovToGifConverter" */ = {
			isa = XCConfigurationList;
			buildConfigurations = (
				D1EEBB4024368A4C00C24585 /* Debug */,
				D1EEBB4124368A4C00C24585 /* Release */,
			);
			defaultConfigurationIsVisible = 0;
			defaultConfigurationName = Release;
		};
/* End XCConfigurationList section */
	};
	rootObject = D1EEBB2724368A4B00C24585 /* Project object */;
}
